
Microsoft Visual Studio Solution File, Format Version 12.00
# Visual Studio Version 16
VisualStudioVersion = 16.0.31321.278
MinimumVisualStudioVersion = 10.0.40219.1
Project("{FAE04EC0-301F-11D3-BF4B-00C04F79EFBC}") = "Transparentify", "Transparentify\Transparentify.csproj", "{948075C8-3419-4C87-8F5C-BB3585CED50B}"
EndProject
Global
	GlobalSection(SolutionConfigurationPlatforms) = preSolution
		Debug|Any CPU = Debug|Any CPU
		Release|Any CPU = Release|Any CPU
	EndGlobalSection
	GlobalSection(ProjectConfigurationPlatforms) = postSolution
		{948075C8-3419-4C87-8F5C-BB3585CED50B}.Debug|Any CPU.ActiveCfg = Debug|Any CPU
		{948075C8-3419-4C87-8F5C-BB3585CED50B}.Debug|Any CPU.Build.0 = Debug|Any CPU
		{948075C8-3419-4C87-8F5C-BB3585CED50B}.Release|Any CPU.ActiveCfg = Release|Any CPU
		{948075C8-3419-4C87-8F5C-BB3585CED50B}.Release|Any CPU.Build.0 = Release|Any CPU
	EndGlobalSection
	GlobalSection(SolutionProperties) = preSolution
		HideSolutionNode = FALSE
	EndGlobalSection
	GlobalSection(ExtensibilityGlobals) = postSolution
		SolutionGuid = {62B1D46F-DDC2-48EA-BFB4-ACF610D48069}
	EndGlobalSection
EndGlobal
